
Microsoft Visual Studio Solution File, Format Version 12.00
# Visual Studio Version 16
VisualStudioVersion = 16.0.28315.86
MinimumVisualStudioVersion = 10.0.40219.1
Project("{2150E333-8FDC-42A3-9474-1A3956D46DE8}") = "Engine", "Engine", "{2AD174A9-098F-4028-968C-F9F2BD2BC4EB}"
EndProject
Project("{2150E333-8FDC-42A3-9474-1A3956D46DE8}") = "Games", "Games", "{ECA354CA-0A0B-4077-B5FE-DDE4F5B90C8D}"
EndProject
Project("{8BC9CEB8-8B4A-11D0-8D11-00A0C91BC942}") = "UE4", "Intermediate\ProjectFiles\UE4.vcxproj", "{DC8ECAEF-5A2C-4B6A-932E-E4626D1078DD}"
EndProject
Project("{8BC9CEB8-8B4A-11D0-8D11-00A0C91BC942}") = "UDC", "Intermediate\ProjectFiles\UDC.vcxproj", "{B62B148A-4602-479D-8E28-835C73058FD4}"
EndProject
Project("{2150E333-8FDC-42A3-9474-1A3956D46DE8}") = "Visualizers", "Visualizers", "{39024EE1-5BAD-4B52-935F-EA44C9E5B259}"
	ProjectSection(SolutionItems) = preProject
		..\..\..\Engines\UE_4.24\Engine\Extras\VisualStudioDebugging\UE4.natvis = ..\..\..\Engines\UE_4.24\Engine\Extras\VisualStudioDebugging\UE4.natvis
	EndProjectSection
EndProject
Global
	GlobalSection(SolutionConfigurationPlatforms) = preSolution
		DebugGame Editor|Win32 = DebugGame Editor|Win32
		DebugGame Editor|Win64 = DebugGame Editor|Win64
		DebugGame|Win32 = DebugGame|Win32
		DebugGame|Win64 = DebugGame|Win64
		Development Editor|Win32 = Development Editor|Win32
		Development Editor|Win64 = Development Editor|Win64
		Development|Win32 = Development|Win32
		Development|Win64 = Development|Win64
		Shipping|Win32 = Shipping|Win32
		Shipping|Win64 = Shipping|Win64
	EndGlobalSection
	GlobalSection(ProjectConfigurationPlatforms) = postSolution
		{DC8ECAEF-5A2C-4B6A-932E-E4626D1078DD}.DebugGame Editor|Win32.ActiveCfg = BuiltWithUnrealBuildTool|Win32
		{DC8ECAEF-5A2C-4B6A-932E-E4626D1078DD}.DebugGame Editor|Win64.ActiveCfg = BuiltWithUnrealBuildTool|Win32
		{DC8ECAEF-5A2C-4B6A-932E-E4626D1078DD}.DebugGame|Win32.ActiveCfg = BuiltWithUnrealBuildTool|Win32
		{DC8ECAEF-5A2C-4B6A-932E-E4626D1078DD}.DebugGame|Win64.ActiveCfg = BuiltWithUnrealBuildTool|Win32
		{DC8ECAEF-5A2C-4B6A-932E-E4626D1078DD}.Development Editor|Win32.ActiveCfg = BuiltWithUnrealBuildTool|Win32
		{DC8ECAEF-5A2C-4B6A-932E-E4626D1078DD}.Development Editor|Win64.ActiveCfg = BuiltWithUnrealBuildTool|Win32
		{DC8ECAEF-5A2C-4B6A-932E-E4626D1078DD}.Development|Win32.ActiveCfg = BuiltWithUnrealBuildTool|Win32
		{DC8ECAEF-5A2C-4B6A-932E-E4626D1078DD}.Development|Win64.ActiveCfg = BuiltWithUnrealBuildTool|Win32
		{DC8ECAEF-5A2C-4B6A-932E-E4626D1078DD}.Shipping|Win32.ActiveCfg = BuiltWithUnrealBuildTool|Win32
		{DC8ECAEF-5A2C-4B6A-932E-E4626D1078DD}.Shipping|Win64.ActiveCfg = BuiltWithUnrealBuildTool|Win32
		{B62B148A-4602-479D-8E28-835C73058FD4}.DebugGame Editor|Win32.ActiveCfg = Invalid|Win32
		{B62B148A-4602-479D-8E28-835C73058FD4}.DebugGame Editor|Win64.ActiveCfg = DebugGame_Editor|x64
		{B62B148A-4602-479D-8E28-835C73058FD4}.DebugGame Editor|Win64.Build.0 = DebugGame_Editor|x64
		{B62B148A-4602-479D-8E28-835C73058FD4}.DebugGame|Win32.ActiveCfg = DebugGame|Win32
		{B62B148A-4602-479D-8E28-835C73058FD4}.DebugGame|Win32.Build.0 = DebugGame|Win32
		{B62B148A-4602-479D-8E28-835C73058FD4}.DebugGame|Win64.ActiveCfg = DebugGame|x64
		{B62B148A-4602-479D-8E28-835C73058FD4}.DebugGame|Win64.Build.0 = DebugGame|x64
		{B62B148A-4602-479D-8E28-835C73058FD4}.Development Editor|Win32.ActiveCfg = Invalid|Win32
		{B62B148A-4602-479D-8E28-835C73058FD4}.Development Editor|Win64.ActiveCfg = Development_Editor|x64
		{B62B148A-4602-479D-8E28-835C73058FD4}.Development Editor|Win64.Build.0 = Development_Editor|x64
		{B62B148A-4602-479D-8E28-835C73058FD4}.Development|Win32.ActiveCfg = Development|Win32
		{B62B148A-4602-479D-8E28-835C73058FD4}.Development|Win32.Build.0 = Development|Win32
		{B62B148A-4602-479D-8E28-835C73058FD4}.Development|Win64.ActiveCfg = Development|x64
		{B62B148A-4602-479D-8E28-835C73058FD4}.Development|Win64.Build.0 = Development|x64
		{B62B148A-4602-479D-8E28-835C73058FD4}.Shipping|Win32.ActiveCfg = Shipping|Win32
		{B62B148A-4602-479D-8E28-835C73058FD4}.Shipping|Win32.Build.0 = Shipping|Win32
		{B62B148A-4602-479D-8E28-835C73058FD4}.Shipping|Win64.ActiveCfg = Shipping|x64
		{B62B148A-4602-479D-8E28-835C73058FD4}.Shipping|Win64.Build.0 = Shipping|x64
	EndGlobalSection
	GlobalSection(SolutionProperties) = preSolution
		HideSolutionNode = FALSE
	EndGlobalSection
	GlobalSection(NestedProjects) = preSolution
		{DC8ECAEF-5A2C-4B6A-932E-E4626D1078DD} = {2AD174A9-098F-4028-968C-F9F2BD2BC4EB}
		{B62B148A-4602-479D-8E28-835C73058FD4} = {ECA354CA-0A0B-4077-B5FE-DDE4F5B90C8D}
	EndGlobalSection
EndGlobal
