
Microsoft Visual Studio Solution File, Format Version 12.00
# Visual Studio Version 16
VisualStudioVersion = 16.0.28315.86
MinimumVisualStudioVersion = 10.0.40219.1
Project("{2150E333-8FDC-42A3-9474-1A3956D46DE8}") = "Engine", "Engine", "{66CE1B52-51EC-4610-A303-17543410057C}"
EndProject
Project("{2150E333-8FDC-42A3-9474-1A3956D46DE8}") = "Games", "Games", "{ED7346C4-8088-4A68-8E66-8680EAE6C903}"
EndProject
Project("{8BC9CEB8-8B4A-11D0-8D11-00A0C91BC942}") = "UE4", "Intermediate\ProjectFiles\UE4.vcxproj", "{5C444BB9-794C-441D-8BBE-D51AD92B1E91}"
EndProject
Project("{8BC9CEB8-8B4A-11D0-8D11-00A0C91BC942}") = "UDC", "Intermediate\ProjectFiles\UDC.vcxproj", "{72F7B303-7F15-4588-977D-1F8014CA7B45}"
EndProject
Project("{2150E333-8FDC-42A3-9474-1A3956D46DE8}") = "Visualizers", "Visualizers", "{C75FB5C7-7700-419A-879A-5BDD6D070CA1}"
	ProjectSection(SolutionItems) = preProject
		..\..\..\Engines\UE_4.24\Engine\Extras\VisualStudioDebugging\UE4.natvis = ..\..\..\Engines\UE_4.24\Engine\Extras\VisualStudioDebugging\UE4.natvis
	EndProjectSection
EndProject
Global
	GlobalSection(SolutionConfigurationPlatforms) = preSolution
		DebugGame Editor|Win32 = DebugGame Editor|Win32
		DebugGame Editor|Win64 = DebugGame Editor|Win64
		DebugGame|Win32 = DebugGame|Win32
		DebugGame|Win64 = DebugGame|Win64
		Development Editor|Win32 = Development Editor|Win32
		Development Editor|Win64 = Development Editor|Win64
		Development|Win32 = Development|Win32
		Development|Win64 = Development|Win64
		Shipping|Win32 = Shipping|Win32
		Shipping|Win64 = Shipping|Win64
	EndGlobalSection
	GlobalSection(ProjectConfigurationPlatforms) = postSolution
		{5C444BB9-794C-441D-8BBE-D51AD92B1E91}.DebugGame Editor|Win32.ActiveCfg = BuiltWithUnrealBuildTool|Win32
		{5C444BB9-794C-441D-8BBE-D51AD92B1E91}.DebugGame Editor|Win64.ActiveCfg = BuiltWithUnrealBuildTool|Win32
		{5C444BB9-794C-441D-8BBE-D51AD92B1E91}.DebugGame|Win32.ActiveCfg = BuiltWithUnrealBuildTool|Win32
		{5C444BB9-794C-441D-8BBE-D51AD92B1E91}.DebugGame|Win64.ActiveCfg = BuiltWithUnrealBuildTool|Win32
		{5C444BB9-794C-441D-8BBE-D51AD92B1E91}.Development Editor|Win32.ActiveCfg = BuiltWithUnrealBuildTool|Win32
		{5C444BB9-794C-441D-8BBE-D51AD92B1E91}.Development Editor|Win64.ActiveCfg = BuiltWithUnrealBuildTool|Win32
		{5C444BB9-794C-441D-8BBE-D51AD92B1E91}.Development|Win32.ActiveCfg = BuiltWithUnrealBuildTool|Win32
		{5C444BB9-794C-441D-8BBE-D51AD92B1E91}.Development|Win64.ActiveCfg = BuiltWithUnrealBuildTool|Win32
		{5C444BB9-794C-441D-8BBE-D51AD92B1E91}.Shipping|Win32.ActiveCfg = BuiltWithUnrealBuildTool|Win32
		{5C444BB9-794C-441D-8BBE-D51AD92B1E91}.Shipping|Win64.ActiveCfg = BuiltWithUnrealBuildTool|Win32
		{72F7B303-7F15-4588-977D-1F8014CA7B45}.DebugGame Editor|Win32.ActiveCfg = Invalid|Win32
		{72F7B303-7F15-4588-977D-1F8014CA7B45}.DebugGame Editor|Win64.ActiveCfg = DebugGame_Editor|x64
		{72F7B303-7F15-4588-977D-1F8014CA7B45}.DebugGame Editor|Win64.Build.0 = DebugGame_Editor|x64
		{72F7B303-7F15-4588-977D-1F8014CA7B45}.DebugGame|Win32.ActiveCfg = DebugGame|Win32
		{72F7B303-7F15-4588-977D-1F8014CA7B45}.DebugGame|Win32.Build.0 = DebugGame|Win32
		{72F7B303-7F15-4588-977D-1F8014CA7B45}.DebugGame|Win64.ActiveCfg = DebugGame|x64
		{72F7B303-7F15-4588-977D-1F8014CA7B45}.DebugGame|Win64.Build.0 = DebugGame|x64
		{72F7B303-7F15-4588-977D-1F8014CA7B45}.Development Editor|Win32.ActiveCfg = Invalid|Win32
		{72F7B303-7F15-4588-977D-1F8014CA7B45}.Development Editor|Win64.ActiveCfg = Development_Editor|x64
		{72F7B303-7F15-4588-977D-1F8014CA7B45}.Development Editor|Win64.Build.0 = Development_Editor|x64
		{72F7B303-7F15-4588-977D-1F8014CA7B45}.Development|Win32.ActiveCfg = Development|Win32
		{72F7B303-7F15-4588-977D-1F8014CA7B45}.Development|Win32.Build.0 = Development|Win32
		{72F7B303-7F15-4588-977D-1F8014CA7B45}.Development|Win64.ActiveCfg = Development|x64
		{72F7B303-7F15-4588-977D-1F8014CA7B45}.Development|Win64.Build.0 = Development|x64
		{72F7B303-7F15-4588-977D-1F8014CA7B45}.Shipping|Win32.ActiveCfg = Shipping|Win32
		{72F7B303-7F15-4588-977D-1F8014CA7B45}.Shipping|Win32.Build.0 = Shipping|Win32
		{72F7B303-7F15-4588-977D-1F8014CA7B45}.Shipping|Win64.ActiveCfg = Shipping|x64
		{72F7B303-7F15-4588-977D-1F8014CA7B45}.Shipping|Win64.Build.0 = Shipping|x64
	EndGlobalSection
	GlobalSection(SolutionProperties) = preSolution
		HideSolutionNode = FALSE
	EndGlobalSection
	GlobalSection(NestedProjects) = preSolution
		{5C444BB9-794C-441D-8BBE-D51AD92B1E91} = {66CE1B52-51EC-4610-A303-17543410057C}
		{72F7B303-7F15-4588-977D-1F8014CA7B45} = {ED7346C4-8088-4A68-8E66-8680EAE6C903}
	EndGlobalSection
EndGlobal
