
Microsoft Visual Studio Solution File, Format Version 12.00
# Visual Studio 15
VisualStudioVersion = 15.0.25807.0
MinimumVisualStudioVersion = 10.0.40219.1
Project("{2150E333-8FDC-42A3-9474-1A3956D46DE8}") = "Engine", "Engine", "{4A052C33-F1F1-431F-BF50-565B7E51664C}"
EndProject
Project("{2150E333-8FDC-42A3-9474-1A3956D46DE8}") = "Games", "Games", "{093068A2-8847-4F43-B82E-A861C05D7DFC}"
EndProject
Project("{8BC9CEB8-8B4A-11D0-8D11-00A0C91BC942}") = "UDC", "Intermediate\ProjectFiles\UDC.vcxproj", "{878DA439-E01E-4B65-8CED-F751258E4DA9}"
EndProject
Project("{8BC9CEB8-8B4A-11D0-8D11-00A0C91BC942}") = "UE4", "Intermediate\ProjectFiles\UE4.vcxproj", "{8B9E8975-C492-41FF-92EE-8E95CA8B4CD2}"
EndProject
Project("{2150E333-8FDC-42A3-9474-1A3956D46DE8}") = "Visualizers", "Visualizers", "{C0EA9653-D57A-4B2F-BE85-75130D4A8699}"
	ProjectSection(SolutionItems) = preProject
		..\..\..\..\..\..\Unreal\UE_4.24\Engine\Extras\VisualStudioDebugging\UE4.natvis = ..\..\..\..\..\..\Unreal\UE_4.24\Engine\Extras\VisualStudioDebugging\UE4.natvis
	EndProjectSection
EndProject
Global
	GlobalSection(SolutionConfigurationPlatforms) = preSolution
		DebugGame Editor|Win32 = DebugGame Editor|Win32
		DebugGame Editor|Win64 = DebugGame Editor|Win64
		DebugGame|Win32 = DebugGame|Win32
		DebugGame|Win64 = DebugGame|Win64
		Development Editor|Win32 = Development Editor|Win32
		Development Editor|Win64 = Development Editor|Win64
		Development|Win32 = Development|Win32
		Development|Win64 = Development|Win64
		Shipping|Win32 = Shipping|Win32
		Shipping|Win64 = Shipping|Win64
	EndGlobalSection
	GlobalSection(ProjectConfigurationPlatforms) = postSolution
		{878DA439-E01E-4B65-8CED-F751258E4DA9}.DebugGame Editor|Win32.ActiveCfg = Invalid|Win32
		{878DA439-E01E-4B65-8CED-F751258E4DA9}.DebugGame Editor|Win64.ActiveCfg = DebugGame_Editor|x64
		{878DA439-E01E-4B65-8CED-F751258E4DA9}.DebugGame Editor|Win64.Build.0 = DebugGame_Editor|x64
		{878DA439-E01E-4B65-8CED-F751258E4DA9}.DebugGame|Win32.ActiveCfg = DebugGame|Win32
		{878DA439-E01E-4B65-8CED-F751258E4DA9}.DebugGame|Win32.Build.0 = DebugGame|Win32
		{878DA439-E01E-4B65-8CED-F751258E4DA9}.DebugGame|Win64.ActiveCfg = DebugGame|x64
		{878DA439-E01E-4B65-8CED-F751258E4DA9}.DebugGame|Win64.Build.0 = DebugGame|x64
		{878DA439-E01E-4B65-8CED-F751258E4DA9}.Development Editor|Win32.ActiveCfg = Invalid|Win32
		{878DA439-E01E-4B65-8CED-F751258E4DA9}.Development Editor|Win64.ActiveCfg = Development_Editor|x64
		{878DA439-E01E-4B65-8CED-F751258E4DA9}.Development Editor|Win64.Build.0 = Development_Editor|x64
		{878DA439-E01E-4B65-8CED-F751258E4DA9}.Development|Win32.ActiveCfg = Development|Win32
		{878DA439-E01E-4B65-8CED-F751258E4DA9}.Development|Win32.Build.0 = Development|Win32
		{878DA439-E01E-4B65-8CED-F751258E4DA9}.Development|Win64.ActiveCfg = Development|x64
		{878DA439-E01E-4B65-8CED-F751258E4DA9}.Development|Win64.Build.0 = Development|x64
		{878DA439-E01E-4B65-8CED-F751258E4DA9}.Shipping|Win32.ActiveCfg = Shipping|Win32
		{878DA439-E01E-4B65-8CED-F751258E4DA9}.Shipping|Win32.Build.0 = Shipping|Win32
		{878DA439-E01E-4B65-8CED-F751258E4DA9}.Shipping|Win64.ActiveCfg = Shipping|x64
		{878DA439-E01E-4B65-8CED-F751258E4DA9}.Shipping|Win64.Build.0 = Shipping|x64
		{8B9E8975-C492-41FF-92EE-8E95CA8B4CD2}.DebugGame Editor|Win32.ActiveCfg = BuiltWithUnrealBuildTool|Win32
		{8B9E8975-C492-41FF-92EE-8E95CA8B4CD2}.DebugGame Editor|Win64.ActiveCfg = BuiltWithUnrealBuildTool|Win32
		{8B9E8975-C492-41FF-92EE-8E95CA8B4CD2}.DebugGame|Win32.ActiveCfg = BuiltWithUnrealBuildTool|Win32
		{8B9E8975-C492-41FF-92EE-8E95CA8B4CD2}.DebugGame|Win64.ActiveCfg = BuiltWithUnrealBuildTool|Win32
		{8B9E8975-C492-41FF-92EE-8E95CA8B4CD2}.Development Editor|Win32.ActiveCfg = BuiltWithUnrealBuildTool|Win32
		{8B9E8975-C492-41FF-92EE-8E95CA8B4CD2}.Development Editor|Win64.ActiveCfg = BuiltWithUnrealBuildTool|Win32
		{8B9E8975-C492-41FF-92EE-8E95CA8B4CD2}.Development|Win32.ActiveCfg = BuiltWithUnrealBuildTool|Win32
		{8B9E8975-C492-41FF-92EE-8E95CA8B4CD2}.Development|Win64.ActiveCfg = BuiltWithUnrealBuildTool|Win32
		{8B9E8975-C492-41FF-92EE-8E95CA8B4CD2}.Shipping|Win32.ActiveCfg = BuiltWithUnrealBuildTool|Win32
		{8B9E8975-C492-41FF-92EE-8E95CA8B4CD2}.Shipping|Win64.ActiveCfg = BuiltWithUnrealBuildTool|Win32
	EndGlobalSection
	GlobalSection(SolutionProperties) = preSolution
		HideSolutionNode = FALSE
	EndGlobalSection
	GlobalSection(NestedProjects) = preSolution
		{8B9E8975-C492-41FF-92EE-8E95CA8B4CD2} = {4A052C33-F1F1-431F-BF50-565B7E51664C}
		{878DA439-E01E-4B65-8CED-F751258E4DA9} = {093068A2-8847-4F43-B82E-A861C05D7DFC}
	EndGlobalSection
EndGlobal
